// !$*UTF8*$!
{
	archiveVersion = 1;
	classes = {
	};
	objectVersion = 50;
	objects = {

/* Begin PBXBuildFile section */
		3A1B30FD256AFB9B00E332CC /* AnimalListItemView.swift in Sources */ = {isa = PBXBuildFile; fileRef = 3A1B30FC256AFB9B00E332CC /* AnimalListItemView.swift */; };
		3A1B3100256AFE0400E332CC /* AnimalModel.swift in Sources */ = {isa = PBXBuildFile; fileRef = 3A1B30FF256AFE0400E332CC /* AnimalModel.swift */; };
		3A8181A7256ADD9600215BAF /* AfricaApp.swift in Sources */ = {isa = PBXBuildFile; fileRef = 3A8181A6256ADD9600215BAF /* AfricaApp.swift */; };
		3A8181A9256ADD9600215BAF /* ContentView.swift in Sources */ = {isa = PBXBuildFile; fileRef = 3A8181A8256ADD9600215BAF /* ContentView.swift */; };
		3A8181AB256ADD9600215BAF /* Assets.xcassets in Resources */ = {isa = PBXBuildFile; fileRef = 3A8181AA256ADD9600215BAF /* Assets.xcassets */; };
		3A8181AE256ADD9600215BAF /* Preview Assets.xcassets in Resources */ = {isa = PBXBuildFile; fileRef = 3A8181AD256ADD9600215BAF /* Preview Assets.xcassets */; };
		3A8181C1256AE2D500215BAF /* rhino.mp4 in Resources */ = {isa = PBXBuildFile; fileRef = 3A8181B7256AE2D000215BAF /* rhino.mp4 */; };
		3A8181C2256AE2D500215BAF /* gorilla.mp4 in Resources */ = {isa = PBXBuildFile; fileRef = 3A8181B8256AE2D100215BAF /* gorilla.mp4 */; };
		3A8181C3256AE2D500215BAF /* lion.mp4 in Resources */ = {isa = PBXBuildFile; fileRef = 3A8181B9256AE2D100215BAF /* lion.mp4 */; };
		3A8181C4256AE2D500215BAF /* zebra.mp4 in Resources */ = {isa = PBXBuildFile; fileRef = 3A8181BA256AE2D200215BAF /* zebra.mp4 */; };
		3A8181C5256AE2D500215BAF /* ostrich.mp4 in Resources */ = {isa = PBXBuildFile; fileRef = 3A8181BB256AE2D200215BAF /* ostrich.mp4 */; };
		3A8181C6256AE2D500215BAF /* cheetah.mp4 in Resources */ = {isa = PBXBuildFile; fileRef = 3A8181BC256AE2D300215BAF /* cheetah.mp4 */; };
		3A8181C7256AE2D500215BAF /* hippo.mp4 in Resources */ = {isa = PBXBuildFile; fileRef = 3A8181BD256AE2D300215BAF /* hippo.mp4 */; };
		3A8181C8256AE2D500215BAF /* giraffe.mp4 in Resources */ = {isa = PBXBuildFile; fileRef = 3A8181BE256AE2D300215BAF /* giraffe.mp4 */; };
		3A8181C9256AE2D500215BAF /* elephant.mp4 in Resources */ = {isa = PBXBuildFile; fileRef = 3A8181BF256AE2D400215BAF /* elephant.mp4 */; };
		3A8181CA256AE2D500215BAF /* lioness.mp4 in Resources */ = {isa = PBXBuildFile; fileRef = 3A8181C0256AE2D500215BAF /* lioness.mp4 */; };
		3A8181D1256AE31A00215BAF /* covers.json in Resources */ = {isa = PBXBuildFile; fileRef = 3A8181CD256AE31900215BAF /* covers.json */; };
		3A8181D2256AE31A00215BAF /* animals.json in Resources */ = {isa = PBXBuildFile; fileRef = 3A8181CE256AE31900215BAF /* animals.json */; };
		3A8181D3256AE31A00215BAF /* videos.json in Resources */ = {isa = PBXBuildFile; fileRef = 3A8181CF256AE31900215BAF /* videos.json */; };
		3A8181D4256AE31A00215BAF /* locations.json in Resources */ = {isa = PBXBuildFile; fileRef = 3A8181D0256AE31A00215BAF /* locations.json */; };
		3A8181DA256AE51500215BAF /* VideoListView.swift in Sources */ = {isa = PBXBuildFile; fileRef = 3A8181D9256AE51500215BAF /* VideoListView.swift */; };
		3A8181DD256AE54600215BAF /* MapView.swift in Sources */ = {isa = PBXBuildFile; fileRef = 3A8181DC256AE54600215BAF /* MapView.swift */; };
		3A8181E0256AE57F00215BAF /* GalleryView.swift in Sources */ = {isa = PBXBuildFile; fileRef = 3A8181DF256AE57F00215BAF /* GalleryView.swift */; };
		3A8181E3256AE59D00215BAF /* MainView.swift in Sources */ = {isa = PBXBuildFile; fileRef = 3A8181E2256AE59D00215BAF /* MainView.swift */; };
		3A8181E7256AF27000215BAF /* CoverImageView.swift in Sources */ = {isa = PBXBuildFile; fileRef = 3A8181E6256AF27000215BAF /* CoverImageView.swift */; };
		3A8181EB256AF50E00215BAF /* CoverImageModel.swift in Sources */ = {isa = PBXBuildFile; fileRef = 3A8181EA256AF50E00215BAF /* CoverImageModel.swift */; };
		3A8181EF256AF64500215BAF /* CodableBundleExtension.swift in Sources */ = {isa = PBXBuildFile; fileRef = 3A8181EE256AF64500215BAF /* CodableBundleExtension.swift */; };
		3A99AD48256B07D600818C68 /* AnimalDetailView.swift in Sources */ = {isa = PBXBuildFile; fileRef = 3A99AD47256B07D600818C68 /* AnimalDetailView.swift */; };
		3A99AD4B256B0B9400818C68 /* HeadingView.swift in Sources */ = {isa = PBXBuildFile; fileRef = 3A99AD4A256B0B9400818C68 /* HeadingView.swift */; };
		3A99AD4E256B0D7100818C68 /* InsetGalleryView.swift in Sources */ = {isa = PBXBuildFile; fileRef = 3A99AD4D256B0D7100818C68 /* InsetGalleryView.swift */; };
/* End PBXBuildFile section */

/* Begin PBXFileReference section */
		3A1B30FC256AFB9B00E332CC /* AnimalListItemView.swift */ = {isa = PBXFileReference; lastKnownFileType = sourcecode.swift; path = AnimalListItemView.swift; sourceTree = "<group>"; };
		3A1B30FF256AFE0400E332CC /* AnimalModel.swift */ = {isa = PBXFileReference; lastKnownFileType = sourcecode.swift; path = AnimalModel.swift; sourceTree = "<group>"; };
		3A8181A3256ADD9500215BAF /* Africa.app */ = {isa = PBXFileReference; explicitFileType = wrapper.application; includeInIndex = 0; path = Africa.app; sourceTree = BUILT_PRODUCTS_DIR; };
		3A8181A6256ADD9600215BAF /* AfricaApp.swift */ = {isa = PBXFileReference; lastKnownFileType = sourcecode.swift; path = AfricaApp.swift; sourceTree = "<group>"; };
		3A8181A8256ADD9600215BAF /* ContentView.swift */ = {isa = PBXFileReference; lastKnownFileType = sourcecode.swift; path = ContentView.swift; sourceTree = "<group>"; };
		3A8181AA256ADD9600215BAF /* Assets.xcassets */ = {isa = PBXFileReference; lastKnownFileType = folder.assetcatalog; path = Assets.xcassets; sourceTree = "<group>"; };
		3A8181AD256ADD9600215BAF /* Preview Assets.xcassets */ = {isa = PBXFileReference; lastKnownFileType = folder.assetcatalog; path = "Preview Assets.xcassets"; sourceTree = "<group>"; };
		3A8181AF256ADD9600215BAF /* Info.plist */ = {isa = PBXFileReference; lastKnownFileType = text.plist.xml; path = Info.plist; sourceTree = "<group>"; };
		3A8181B7256AE2D000215BAF /* rhino.mp4 */ = {isa = PBXFileReference; lastKnownFileType = file; path = rhino.mp4; sourceTree = "<group>"; };
		3A8181B8256AE2D100215BAF /* gorilla.mp4 */ = {isa = PBXFileReference; lastKnownFileType = file; path = gorilla.mp4; sourceTree = "<group>"; };
		3A8181B9256AE2D100215BAF /* lion.mp4 */ = {isa = PBXFileReference; lastKnownFileType = file; path = lion.mp4; sourceTree = "<group>"; };
		3A8181BA256AE2D200215BAF /* zebra.mp4 */ = {isa = PBXFileReference; lastKnownFileType = file; path = zebra.mp4; sourceTree = "<group>"; };
		3A8181BB256AE2D200215BAF /* ostrich.mp4 */ = {isa = PBXFileReference; lastKnownFileType = file; path = ostrich.mp4; sourceTree = "<group>"; };
		3A8181BC256AE2D300215BAF /* cheetah.mp4 */ = {isa = PBXFileReference; lastKnownFileType = file; path = cheetah.mp4; sourceTree = "<group>"; };
		3A8181BD256AE2D300215BAF /* hippo.mp4 */ = {isa = PBXFileReference; lastKnownFileType = file; path = hippo.mp4; sourceTree = "<group>"; };
		3A8181BE256AE2D300215BAF /* giraffe.mp4 */ = {isa = PBXFileReference; lastKnownFileType = file; path = giraffe.mp4; sourceTree = "<group>"; };
		3A8181BF256AE2D400215BAF /* elephant.mp4 */ = {isa = PBXFileReference; lastKnownFileType = file; path = elephant.mp4; sourceTree = "<group>"; };
		3A8181C0256AE2D500215BAF /* lioness.mp4 */ = {isa = PBXFileReference; lastKnownFileType = file; path = lioness.mp4; sourceTree = "<group>"; };
		3A8181CD256AE31900215BAF /* covers.json */ = {isa = PBXFileReference; fileEncoding = 4; lastKnownFileType = text.json; path = covers.json; sourceTree = "<group>"; };
		3A8181CE256AE31900215BAF /* animals.json */ = {isa = PBXFileReference; fileEncoding = 4; lastKnownFileType = text.json; path = animals.json; sourceTree = "<group>"; };
		3A8181CF256AE31900215BAF /* videos.json */ = {isa = PBXFileReference; fileEncoding = 4; lastKnownFileType = text.json; path = videos.json; sourceTree = "<group>"; };
		3A8181D0256AE31A00215BAF /* locations.json */ = {isa = PBXFileReference; fileEncoding = 4; lastKnownFileType = text.json; path = locations.json; sourceTree = "<group>"; };
		3A8181D9256AE51500215BAF /* VideoListView.swift */ = {isa = PBXFileReference; lastKnownFileType = sourcecode.swift; path = VideoListView.swift; sourceTree = "<group>"; };
		3A8181DC256AE54600215BAF /* MapView.swift */ = {isa = PBXFileReference; lastKnownFileType = sourcecode.swift; path = MapView.swift; sourceTree = "<group>"; };
		3A8181DF256AE57F00215BAF /* GalleryView.swift */ = {isa = PBXFileReference; lastKnownFileType = sourcecode.swift; path = GalleryView.swift; sourceTree = "<group>"; };
		3A8181E2256AE59D00215BAF /* MainView.swift */ = {isa = PBXFileReference; lastKnownFileType = sourcecode.swift; path = MainView.swift; sourceTree = "<group>"; };
		3A8181E6256AF27000215BAF /* CoverImageView.swift */ = {isa = PBXFileReference; lastKnownFileType = sourcecode.swift; path = CoverImageView.swift; sourceTree = "<group>"; };
		3A8181EA256AF50E00215BAF /* CoverImageModel.swift */ = {isa = PBXFileReference; lastKnownFileType = sourcecode.swift; path = CoverImageModel.swift; sourceTree = "<group>"; };
		3A8181EE256AF64500215BAF /* CodableBundleExtension.swift */ = {isa = PBXFileReference; lastKnownFileType = sourcecode.swift; path = CodableBundleExtension.swift; sourceTree = "<group>"; };
		3A99AD47256B07D600818C68 /* AnimalDetailView.swift */ = {isa = PBXFileReference; lastKnownFileType = sourcecode.swift; path = AnimalDetailView.swift; sourceTree = "<group>"; };
		3A99AD4A256B0B9400818C68 /* HeadingView.swift */ = {isa = PBXFileReference; lastKnownFileType = sourcecode.swift; path = HeadingView.swift; sourceTree = "<group>"; };
		3A99AD4D256B0D7100818C68 /* InsetGalleryView.swift */ = {isa = PBXFileReference; lastKnownFileType = sourcecode.swift; path = InsetGalleryView.swift; sourceTree = "<group>"; };
/* End PBXFileReference section */

/* Begin PBXFrameworksBuildPhase section */
		3A8181A0256ADD9500215BAF /* Frameworks */ = {
			isa = PBXFrameworksBuildPhase;
			buildActionMask = 2147483647;
			files = (
			);
			runOnlyForDeploymentPostprocessing = 0;
		};
/* End PBXFrameworksBuildPhase section */

/* Begin PBXGroup section */
		3A81819A256ADD9500215BAF = {
			isa = PBXGroup;
			children = (
				3A8181A5256ADD9600215BAF /* Africa */,
				3A8181A4256ADD9500215BAF /* Products */,
			);
			sourceTree = "<group>";
		};
		3A8181A4256ADD9500215BAF /* Products */ = {
			isa = PBXGroup;
			children = (
				3A8181A3256ADD9500215BAF /* Africa.app */,
			);
			name = Products;
			sourceTree = "<group>";
		};
		3A8181A5256ADD9600215BAF /* Africa */ = {
			isa = PBXGroup;
			children = (
				3A8181ED256AF62000215BAF /* Extensions */,
				3A8181E9256AF4F800215BAF /* Models */,
				3A8181E5256AF25600215BAF /* Views */,
				3A8181CC256AE2F700215BAF /* Data */,
				3A8181B6256AE27E00215BAF /* Video */,
				3A8181D7256AE4B300215BAF /* App */,
				3A8181AA256ADD9600215BAF /* Assets.xcassets */,
				3A8181AF256ADD9600215BAF /* Info.plist */,
				3A8181AC256ADD9600215BAF /* Preview Content */,
			);
			path = Africa;
			sourceTree = "<group>";
		};
		3A8181AC256ADD9600215BAF /* Preview Content */ = {
			isa = PBXGroup;
			children = (
				3A8181AD256ADD9600215BAF /* Preview Assets.xcassets */,
			);
			path = "Preview Content";
			sourceTree = "<group>";
		};
		3A8181B6256AE27E00215BAF /* Video */ = {
			isa = PBXGroup;
			children = (
				3A8181BC256AE2D300215BAF /* cheetah.mp4 */,
				3A8181BF256AE2D400215BAF /* elephant.mp4 */,
				3A8181BE256AE2D300215BAF /* giraffe.mp4 */,
				3A8181B8256AE2D100215BAF /* gorilla.mp4 */,
				3A8181BD256AE2D300215BAF /* hippo.mp4 */,
				3A8181B9256AE2D100215BAF /* lion.mp4 */,
				3A8181C0256AE2D500215BAF /* lioness.mp4 */,
				3A8181BB256AE2D200215BAF /* ostrich.mp4 */,
				3A8181B7256AE2D000215BAF /* rhino.mp4 */,
				3A8181BA256AE2D200215BAF /* zebra.mp4 */,
			);
			path = Video;
			sourceTree = "<group>";
		};
		3A8181CC256AE2F700215BAF /* Data */ = {
			isa = PBXGroup;
			children = (
				3A8181CE256AE31900215BAF /* animals.json */,
				3A8181CD256AE31900215BAF /* covers.json */,
				3A8181D0256AE31A00215BAF /* locations.json */,
				3A8181CF256AE31900215BAF /* videos.json */,
			);
			path = Data;
			sourceTree = "<group>";
		};
		3A8181D7256AE4B300215BAF /* App */ = {
			isa = PBXGroup;
			children = (
				3A8181A6256ADD9600215BAF /* AfricaApp.swift */,
				3A8181A8256ADD9600215BAF /* ContentView.swift */,
				3A8181D9256AE51500215BAF /* VideoListView.swift */,
				3A8181DC256AE54600215BAF /* MapView.swift */,
				3A8181DF256AE57F00215BAF /* GalleryView.swift */,
				3A8181E2256AE59D00215BAF /* MainView.swift */,
			);
			path = App;
			sourceTree = "<group>";
		};
		3A8181E5256AF25600215BAF /* Views */ = {
			isa = PBXGroup;
			children = (
				3A8181E6256AF27000215BAF /* CoverImageView.swift */,
				3A1B30FC256AFB9B00E332CC /* AnimalListItemView.swift */,
				3A99AD47256B07D600818C68 /* AnimalDetailView.swift */,
				3A99AD4A256B0B9400818C68 /* HeadingView.swift */,
				3A99AD4D256B0D7100818C68 /* InsetGalleryView.swift */,
			);
			path = Views;
			sourceTree = "<group>";
		};
		3A8181E9256AF4F800215BAF /* Models */ = {
			isa = PBXGroup;
			children = (
				3A8181EA256AF50E00215BAF /* CoverImageModel.swift */,
				3A1B30FF256AFE0400E332CC /* AnimalModel.swift */,
			);
			path = Models;
			sourceTree = "<group>";
		};
		3A8181ED256AF62000215BAF /* Extensions */ = {
			isa = PBXGroup;
			children = (
				3A8181EE256AF64500215BAF /* CodableBundleExtension.swift */,
			);
			path = Extensions;
			sourceTree = "<group>";
		};
/* End PBXGroup section */

/* Begin PBXNativeTarget section */
		3A8181A2256ADD9500215BAF /* Africa */ = {
			isa = PBXNativeTarget;
			buildConfigurationList = 3A8181B2256ADD9600215BAF /* Build configuration list for PBXNativeTarget "Africa" */;
			buildPhases = (
				3A81819F256ADD9500215BAF /* Sources */,
				3A8181A0256ADD9500215BAF /* Frameworks */,
				3A8181A1256ADD9500215BAF /* Resources */,
			);
			buildRules = (
			);
			dependencies = (
			);
			name = Africa;
			productName = Africa;
			productReference = 3A8181A3256ADD9500215BAF /* Africa.app */;
			productType = "com.apple.product-type.application";
		};
/* End PBXNativeTarget section */

/* Begin PBXProject section */
		3A81819B256ADD9500215BAF /* Project object */ = {
			isa = PBXProject;
			attributes = {
				LastSwiftUpdateCheck = 1220;
				LastUpgradeCheck = 1220;
				TargetAttributes = {
					3A8181A2256ADD9500215BAF = {
						CreatedOnToolsVersion = 12.2;
					};
				};
			};
			buildConfigurationList = 3A81819E256ADD9500215BAF /* Build configuration list for PBXProject "Africa" */;
			compatibilityVersion = "Xcode 9.3";
			developmentRegion = en;
			hasScannedForEncodings = 0;
			knownRegions = (
				en,
				Base,
			);
			mainGroup = 3A81819A256ADD9500215BAF;
			productRefGroup = 3A8181A4256ADD9500215BAF /* Products */;
			projectDirPath = "";
			projectRoot = "";
			targets = (
				3A8181A2256ADD9500215BAF /* Africa */,
			);
		};
/* End PBXProject section */

/* Begin PBXResourcesBuildPhase section */
		3A8181A1256ADD9500215BAF /* Resources */ = {
			isa = PBXResourcesBuildPhase;
			buildActionMask = 2147483647;
			files = (
				3A8181D1256AE31A00215BAF /* covers.json in Resources */,
				3A8181C2256AE2D500215BAF /* gorilla.mp4 in Resources */,
				3A8181D4256AE31A00215BAF /* locations.json in Resources */,
				3A8181D3256AE31A00215BAF /* videos.json in Resources */,
				3A8181C7256AE2D500215BAF /* hippo.mp4 in Resources */,
				3A8181C5256AE2D500215BAF /* ostrich.mp4 in Resources */,
				3A8181C1256AE2D500215BAF /* rhino.mp4 in Resources */,
				3A8181C8256AE2D500215BAF /* giraffe.mp4 in Resources */,
				3A8181AE256ADD9600215BAF /* Preview Assets.xcassets in Resources */,
				3A8181D2256AE31A00215BAF /* animals.json in Resources */,
				3A8181C6256AE2D500215BAF /* cheetah.mp4 in Resources */,
				3A8181C3256AE2D500215BAF /* lion.mp4 in Resources */,
				3A8181C4256AE2D500215BAF /* zebra.mp4 in Resources */,
				3A8181AB256ADD9600215BAF /* Assets.xcassets in Resources */,
				3A8181C9256AE2D500215BAF /* elephant.mp4 in Resources */,
				3A8181CA256AE2D500215BAF /* lioness.mp4 in Resources */,
			);
			runOnlyForDeploymentPostprocessing = 0;
		};
/* End PBXResourcesBuildPhase section */

/* Begin PBXSourcesBuildPhase section */
		3A81819F256ADD9500215BAF /* Sources */ = {
			isa = PBXSourcesBuildPhase;
			buildActionMask = 2147483647;
			files = (
				3A8181A9256ADD9600215BAF /* ContentView.swift in Sources */,
				3A1B30FD256AFB9B00E332CC /* AnimalListItemView.swift in Sources */,
				3A8181E3256AE59D00215BAF /* MainView.swift in Sources */,
				3A8181E7256AF27000215BAF /* CoverImageView.swift in Sources */,
				3A8181EB256AF50E00215BAF /* CoverImageModel.swift in Sources */,
				3A99AD48256B07D600818C68 /* AnimalDetailView.swift in Sources */,
				3A1B3100256AFE0400E332CC /* AnimalModel.swift in Sources */,
				3A8181DD256AE54600215BAF /* MapView.swift in Sources */,
				3A8181A7256ADD9600215BAF /* AfricaApp.swift in Sources */,
				3A8181DA256AE51500215BAF /* VideoListView.swift in Sources */,
				3A8181E0256AE57F00215BAF /* GalleryView.swift in Sources */,
				3A99AD4E256B0D7100818C68 /* InsetGalleryView.swift in Sources */,
				3A8181EF256AF64500215BAF /* CodableBundleExtension.swift in Sources */,
				3A99AD4B256B0B9400818C68 /* HeadingView.swift in Sources */,
			);
			runOnlyForDeploymentPostprocessing = 0;
		};
/* End PBXSourcesBuildPhase section */

/* Begin XCBuildConfiguration section */
		3A8181B0256ADD9600215BAF /* Debug */ = {
			isa = XCBuildConfiguration;
			buildSettings = {
				ALWAYS_SEARCH_USER_PATHS = NO;
				CLANG_ANALYZER_NONNULL = YES;
				CLANG_ANALYZER_NUMBER_OBJECT_CONVERSION = YES_AGGRESSIVE;
				CLANG_CXX_LANGUAGE_STANDARD = "gnu++14";
				CLANG_CXX_LIBRARY = "libc++";
				CLANG_ENABLE_MODULES = YES;
				CLANG_ENABLE_OBJC_ARC = YES;
				CLANG_ENABLE_OBJC_WEAK = YES;
				CLANG_WARN_BLOCK_CAPTURE_AUTORELEASING = YES;
				CLANG_WARN_BOOL_CONVERSION = YES;
				CLANG_WARN_COMMA = YES;
				CLANG_WARN_CONSTANT_CONVERSION = YES;
				CLANG_WARN_DEPRECATED_OBJC_IMPLEMENTATIONS = YES;
				CLANG_WARN_DIRECT_OBJC_ISA_USAGE = YES_ERROR;
				CLANG_WARN_DOCUMENTATION_COMMENTS = YES;
				CLANG_WARN_EMPTY_BODY = YES;
				CLANG_WARN_ENUM_CONVERSION = YES;
				CLANG_WARN_INFINITE_RECURSION = YES;
				CLANG_WARN_INT_CONVERSION = YES;
				CLANG_WARN_NON_LITERAL_NULL_CONVERSION = YES;
				CLANG_WARN_OBJC_IMPLICIT_RETAIN_SELF = YES;
				CLANG_WARN_OBJC_LITERAL_CONVERSION = YES;
				CLANG_WARN_OBJC_ROOT_CLASS = YES_ERROR;
				CLANG_WARN_QUOTED_INCLUDE_IN_FRAMEWORK_HEADER = YES;
				CLANG_WARN_RANGE_LOOP_ANALYSIS = YES;
				CLANG_WARN_STRICT_PROTOTYPES = YES;
				CLANG_WARN_SUSPICIOUS_MOVE = YES;
				CLANG_WARN_UNGUARDED_AVAILABILITY = YES_AGGRESSIVE;
				CLANG_WARN_UNREACHABLE_CODE = YES;
				CLANG_WARN__DUPLICATE_METHOD_MATCH = YES;
				COPY_PHASE_STRIP = NO;
				DEBUG_INFORMATION_FORMAT = dwarf;
				ENABLE_STRICT_OBJC_MSGSEND = YES;
				ENABLE_TESTABILITY = YES;
				GCC_C_LANGUAGE_STANDARD = gnu11;
				GCC_DYNAMIC_NO_PIC = NO;
				GCC_NO_COMMON_BLOCKS = YES;
				GCC_OPTIMIZATION_LEVEL = 0;
				GCC_PREPROCESSOR_DEFINITIONS = (
					"DEBUG=1",
					"$(inherited)",
				);
				GCC_WARN_64_TO_32_BIT_CONVERSION = YES;
				GCC_WARN_ABOUT_RETURN_TYPE = YES_ERROR;
				GCC_WARN_UNDECLARED_SELECTOR = YES;
				GCC_WARN_UNINITIALIZED_AUTOS = YES_AGGRESSIVE;
				GCC_WARN_UNUSED_FUNCTION = YES;
				GCC_WARN_UNUSED_VARIABLE = YES;
				IPHONEOS_DEPLOYMENT_TARGET = 14.2;
				MTL_ENABLE_DEBUG_INFO = INCLUDE_SOURCE;
				MTL_FAST_MATH = YES;
				ONLY_ACTIVE_ARCH = YES;
				SDKROOT = iphoneos;
				SWIFT_ACTIVE_COMPILATION_CONDITIONS = DEBUG;
				SWIFT_OPTIMIZATION_LEVEL = "-Onone";
			};
			name = Debug;
		};
		3A8181B1256ADD9600215BAF /* Release */ = {
			isa = XCBuildConfiguration;
			buildSettings = {
				ALWAYS_SEARCH_USER_PATHS = NO;
				CLANG_ANALYZER_NONNULL = YES;
				CLANG_ANALYZER_NUMBER_OBJECT_CONVERSION = YES_AGGRESSIVE;
				CLANG_CXX_LANGUAGE_STANDARD = "gnu++14";
				CLANG_CXX_LIBRARY = "libc++";
				CLANG_ENABLE_MODULES = YES;
				CLANG_ENABLE_OBJC_ARC = YES;
				CLANG_ENABLE_OBJC_WEAK = YES;
				CLANG_WARN_BLOCK_CAPTURE_AUTORELEASING = YES;
				CLANG_WARN_BOOL_CONVERSION = YES;
				CLANG_WARN_COMMA = YES;
				CLANG_WARN_CONSTANT_CONVERSION = YES;
				CLANG_WARN_DEPRECATED_OBJC_IMPLEMENTATIONS = YES;
				CLANG_WARN_DIRECT_OBJC_ISA_USAGE = YES_ERROR;
				CLANG_WARN_DOCUMENTATION_COMMENTS = YES;
				CLANG_WARN_EMPTY_BODY = YES;
				CLANG_WARN_ENUM_CONVERSION = YES;
				CLANG_WARN_INFINITE_RECURSION = YES;
				CLANG_WARN_INT_CONVERSION = YES;
				CLANG_WARN_NON_LITERAL_NULL_CONVERSION = YES;
				CLANG_WARN_OBJC_IMPLICIT_RETAIN_SELF = YES;
				CLANG_WARN_OBJC_LITERAL_CONVERSION = YES;
				CLANG_WARN_OBJC_ROOT_CLASS = YES_ERROR;
				CLANG_WARN_QUOTED_INCLUDE_IN_FRAMEWORK_HEADER = YES;
				CLANG_WARN_RANGE_LOOP_ANALYSIS = YES;
				CLANG_WARN_STRICT_PROTOTYPES = YES;
				CLANG_WARN_SUSPICIOUS_MOVE = YES;
				CLANG_WARN_UNGUARDED_AVAILABILITY = YES_AGGRESSIVE;
				CLANG_WARN_UNREACHABLE_CODE = YES;
				CLANG_WARN__DUPLICATE_METHOD_MATCH = YES;
				COPY_PHASE_STRIP = NO;
				DEBUG_INFORMATION_FORMAT = "dwarf-with-dsym";
				ENABLE_NS_ASSERTIONS = NO;
				ENABLE_STRICT_OBJC_MSGSEND = YES;
				GCC_C_LANGUAGE_STANDARD = gnu11;
				GCC_NO_COMMON_BLOCKS = YES;
				GCC_WARN_64_TO_32_BIT_CONVERSION = YES;
				GCC_WARN_ABOUT_RETURN_TYPE = YES_ERROR;
				GCC_WARN_UNDECLARED_SELECTOR = YES;
				GCC_WARN_UNINITIALIZED_AUTOS = YES_AGGRESSIVE;
				GCC_WARN_UNUSED_FUNCTION = YES;
				GCC_WARN_UNUSED_VARIABLE = YES;
				IPHONEOS_DEPLOYMENT_TARGET = 14.2;
				MTL_ENABLE_DEBUG_INFO = NO;
				MTL_FAST_MATH = YES;
				SDKROOT = iphoneos;
				SWIFT_COMPILATION_MODE = wholemodule;
				SWIFT_OPTIMIZATION_LEVEL = "-O";
				VALIDATE_PRODUCT = YES;
			};
			name = Release;
		};
		3A8181B3256ADD9600215BAF /* Debug */ = {
			isa = XCBuildConfiguration;
			buildSettings = {
				ASSETCATALOG_COMPILER_APPICON_NAME = AppIcon;
				ASSETCATALOG_COMPILER_GLOBAL_ACCENT_COLOR_NAME = AccentColor;
				CODE_SIGN_STYLE = Automatic;
				DEVELOPMENT_ASSET_PATHS = "\"Africa/Preview Content\"";
				ENABLE_PREVIEWS = YES;
				INFOPLIST_FILE = Africa/Info.plist;
				IPHONEOS_DEPLOYMENT_TARGET = 14.0;
				LD_RUNPATH_SEARCH_PATHS = (
					"$(inherited)",
					"@executable_path/Frameworks",
				);
				PRODUCT_BUNDLE_IDENTIFIER = com.ronniejoubert.Africa;
				PRODUCT_NAME = "$(TARGET_NAME)";
				SWIFT_VERSION = 5.0;
				TARGETED_DEVICE_FAMILY = "1,2";
			};
			name = Debug;
		};
		3A8181B4256ADD9600215BAF /* Release */ = {
			isa = XCBuildConfiguration;
			buildSettings = {
				ASSETCATALOG_COMPILER_APPICON_NAME = AppIcon;
				ASSETCATALOG_COMPILER_GLOBAL_ACCENT_COLOR_NAME = AccentColor;
				CODE_SIGN_STYLE = Automatic;
				DEVELOPMENT_ASSET_PATHS = "\"Africa/Preview Content\"";
				ENABLE_PREVIEWS = YES;
				INFOPLIST_FILE = Africa/Info.plist;
				IPHONEOS_DEPLOYMENT_TARGET = 14.0;
				LD_RUNPATH_SEARCH_PATHS = (
					"$(inherited)",
					"@executable_path/Frameworks",
				);
				PRODUCT_BUNDLE_IDENTIFIER = com.ronniejoubert.Africa;
				PRODUCT_NAME = "$(TARGET_NAME)";
				SWIFT_VERSION = 5.0;
				TARGETED_DEVICE_FAMILY = "1,2";
			};
			name = Release;
		};
/* End XCBuildConfiguration section */

/* Begin XCConfigurationList section */
		3A81819E256ADD9500215BAF /* Build configuration list for PBXProject "Africa" */ = {
			isa = XCConfigurationList;
			buildConfigurations = (
				3A8181B0256ADD9600215BAF /* Debug */,
				3A8181B1256ADD9600215BAF /* Release */,
			);
			defaultConfigurationIsVisible = 0;
			defaultConfigurationName = Release;
		};
		3A8181B2256ADD9600215BAF /* Build configuration list for PBXNativeTarget "Africa" */ = {
			isa = XCConfigurationList;
			buildConfigurations = (
				3A8181B3256ADD9600215BAF /* Debug */,
				3A8181B4256ADD9600215BAF /* Release */,
			);
			defaultConfigurationIsVisible = 0;
			defaultConfigurationName = Release;
		};
/* End XCConfigurationList section */
	};
	rootObject = 3A81819B256ADD9500215BAF /* Project object */;
}
